// !$*UTF8*$!
{
	archiveVersion = 1;
	classes = {
	};
	objectVersion = 46;
	objects = {

/* Begin PBXBuildFile section */
		9003BAFB1534F07F00667033 /* MainViewController.m in Sources */ = {isa = PBXBuildFile; fileRef = 9003BAFA1534F07F00667033 /* MainViewController.m */; };
		901B11E815646AE6004F39C3 /* ActivityReminder.m in Sources */ = {isa = PBXBuildFile; fileRef = 901B11E715646AE6004F39C3 /* ActivityReminder.m */; };
		902408E8155C9A2000C4C7BA /* Activity.m in Sources */ = {isa = PBXBuildFile; fileRef = 902408E7155C9A2000C4C7BA /* Activity.m */; };
		906E4AD9155C90BF00604930 /* Assistant.m in Sources */ = {isa = PBXBuildFile; fileRef = 906E4AD8155C90BE00604930 /* Assistant.m */; };
		90774BE8154A74D400549F37 /* buttonBlue.png in Resources */ = {isa = PBXBuildFile; fileRef = 90774BE7154A74D400549F37 /* buttonBlue.png */; };
		90774BEB154A758800549F37 /* selectedButtonBlue.png in Resources */ = {isa = PBXBuildFile; fileRef = 90774BEA154A758800549F37 /* selectedButtonBlue.png */; };
		907ED37715521731008AB2CA /* AuthenticationViewController.m in Sources */ = {isa = PBXBuildFile; fileRef = 907ED37615521731008AB2CA /* AuthenticationViewController.m */; };
		907ED389155300F0008AB2CA /* wood.jpg in Resources */ = {isa = PBXBuildFile; fileRef = 907ED388155300F0008AB2CA /* wood.jpg */; };
		907ED38C15530181008AB2CA /* sandpaper.jpg in Resources */ = {isa = PBXBuildFile; fileRef = 907ED38B15530181008AB2CA /* sandpaper.jpg */; };
		907ED397155306D9008AB2CA /* Util.m in Sources */ = {isa = PBXBuildFile; fileRef = 907ED396155306D9008AB2CA /* Util.m */; };
		908EAB8415659A6100AB3E1B /* CoreLocation.framework in Frameworks */ = {isa = PBXBuildFile; fileRef = 908EAB8315659A6100AB3E1B /* CoreLocation.framework */; };
		90A3DF11152E6F500061F6C5 /* UIKit.framework in Frameworks */ = {isa = PBXBuildFile; fileRef = 90A3DF10152E6F500061F6C5 /* UIKit.framework */; };
		90A3DF13152E6F500061F6C5 /* Foundation.framework in Frameworks */ = {isa = PBXBuildFile; fileRef = 90A3DF12152E6F500061F6C5 /* Foundation.framework */; };
		90A3DF15152E6F500061F6C5 /* CoreGraphics.framework in Frameworks */ = {isa = PBXBuildFile; fileRef = 90A3DF14152E6F500061F6C5 /* CoreGraphics.framework */; };
		90A3DF1B152E6F500061F6C5 /* InfoPlist.strings in Resources */ = {isa = PBXBuildFile; fileRef = 90A3DF19152E6F500061F6C5 /* InfoPlist.strings */; };
		90A3DF1D152E6F500061F6C5 /* main.m in Sources */ = {isa = PBXBuildFile; fileRef = 90A3DF1C152E6F500061F6C5 /* main.m */; };
		90A3DF21152E6F500061F6C5 /* TimeAppDelegate.m in Sources */ = {isa = PBXBuildFile; fileRef = 90A3DF20152E6F500061F6C5 /* TimeAppDelegate.m */; };
		90A3DF24152E6F500061F6C5 /* MainStoryboard_iPhone.storyboard in Resources */ = {isa = PBXBuildFile; fileRef = 90A3DF22152E6F500061F6C5 /* MainStoryboard_iPhone.storyboard */; };
		90A3DF27152E6F500061F6C5 /* MainStoryboard_iPad.storyboard in Resources */ = {isa = PBXBuildFile; fileRef = 90A3DF25152E6F500061F6C5 /* MainStoryboard_iPad.storyboard */; };
		90A3DF2A152E6F500061F6C5 /* TimeViewController.m in Sources */ = {isa = PBXBuildFile; fileRef = 90A3DF29152E6F500061F6C5 /* TimeViewController.m */; };
		90A3DF32152E6F500061F6C5 /* SenTestingKit.framework in Frameworks */ = {isa = PBXBuildFile; fileRef = 90A3DF31152E6F500061F6C5 /* SenTestingKit.framework */; };
		90A3DF33152E6F500061F6C5 /* UIKit.framework in Frameworks */ = {isa = PBXBuildFile; fileRef = 90A3DF10152E6F500061F6C5 /* UIKit.framework */; };
		90A3DF34152E6F500061F6C5 /* Foundation.framework in Frameworks */ = {isa = PBXBuildFile; fileRef = 90A3DF12152E6F500061F6C5 /* Foundation.framework */; };
		90A3DF3C152E6F500061F6C5 /* InfoPlist.strings in Resources */ = {isa = PBXBuildFile; fileRef = 90A3DF3A152E6F500061F6C5 /* InfoPlist.strings */; };
		90A3DF3F152E6F500061F6C5 /* TimeTests.m in Sources */ = {isa = PBXBuildFile; fileRef = 90A3DF3E152E6F500061F6C5 /* TimeTests.m */; };
		90A5C9BC156ED08800C83855 /* icon@2x.png in Resources */ = {isa = PBXBuildFile; fileRef = 90A5C9BB156ED08800C83855 /* icon@2x.png */; };
		90A5C9BF156ED08A00C83855 /* icon.png in Resources */ = {isa = PBXBuildFile; fileRef = 90A5C9BE156ED08A00C83855 /* icon.png */; };
		90E650041540B29F00D4BCDF /* APIConstants.m in Sources */ = {isa = PBXBuildFile; fileRef = 90E650031540B29F00D4BCDF /* APIConstants.m */; };
		90E6500F1540B44B00D4BCDF /* API.m in Sources */ = {isa = PBXBuildFile; fileRef = 90E6500E1540B44B00D4BCDF /* API.m */; };
		90EE41B41541D06600F3B553 /* ios_newsstand_wood_background_by_ebara-d45h8fy.png in Resources */ = {isa = PBXBuildFile; fileRef = 90EE41B31541D06600F3B553 /* ios_newsstand_wood_background_by_ebara-d45h8fy.png */; };
		90EE41C2154A568500E01DB0 /* CircularProgressButton.m in Sources */ = {isa = PBXBuildFile; fileRef = 90EE41BF154A568500E01DB0 /* CircularProgressButton.m */; };
		90EE41C3154A568500E01DB0 /* CircularProgressView.m in Sources */ = {isa = PBXBuildFile; fileRef = 90EE41C1154A568500E01DB0 /* CircularProgressView.m */; };
		90EE41C7154A569300E01DB0 /* background_sel.png in Resources */ = {isa = PBXBuildFile; fileRef = 90EE41C4154A569300E01DB0 /* background_sel.png */; };
		90EE41C8154A569300E01DB0 /* background.png in Resources */ = {isa = PBXBuildFile; fileRef = 90EE41C5154A569300E01DB0 /* background.png */; };
		90EE41C9154A569300E01DB0 /* circle.png in Resources */ = {isa = PBXBuildFile; fileRef = 90EE41C6154A569300E01DB0 /* circle.png */; };
		90EE41CA154A58F700E01DB0 /* CircularProgressView.m in Sources */ = {isa = PBXBuildFile; fileRef = 90EE41C1154A568500E01DB0 /* CircularProgressView.m */; };
		90EE41CB154A58FD00E01DB0 /* CircularProgressButton.m in Sources */ = {isa = PBXBuildFile; fileRef = 90EE41BF154A568500E01DB0 /* CircularProgressButton.m */; };
/* End PBXBuildFile section */

/* Begin PBXContainerItemProxy section */
		90A3DF35152E6F500061F6C5 /* PBXContainerItemProxy */ = {
			isa = PBXContainerItemProxy;
			containerPortal = 90A3DF03152E6F500061F6C5 /* Project object */;
			proxyType = 1;
			remoteGlobalIDString = 90A3DF0B152E6F500061F6C5;
			remoteInfo = Time;
		};
/* End PBXContainerItemProxy section */

/* Begin PBXFileReference section */
		9003BAF91534F07F00667033 /* MainViewController.h */ = {isa = PBXFileReference; fileEncoding = 4; lastKnownFileType = sourcecode.c.h; path = MainViewController.h; sourceTree = "<group>"; };
		9003BAFA1534F07F00667033 /* MainViewController.m */ = {isa = PBXFileReference; fileEncoding = 4; lastKnownFileType = sourcecode.c.objc; path = MainViewController.m; sourceTree = "<group>"; };
		901B11E615646AE6004F39C3 /* ActivityReminder.h */ = {isa = PBXFileReference; fileEncoding = 4; lastKnownFileType = sourcecode.c.h; path = ActivityReminder.h; sourceTree = "<group>"; };
		901B11E715646AE6004F39C3 /* ActivityReminder.m */ = {isa = PBXFileReference; fileEncoding = 4; lastKnownFileType = sourcecode.c.objc; path = ActivityReminder.m; sourceTree = "<group>"; };
		902408E6155C9A2000C4C7BA /* Activity.h */ = {isa = PBXFileReference; fileEncoding = 4; lastKnownFileType = sourcecode.c.h; path = Activity.h; sourceTree = "<group>"; };
		902408E7155C9A2000C4C7BA /* Activity.m */ = {isa = PBXFileReference; fileEncoding = 4; lastKnownFileType = sourcecode.c.objc; path = Activity.m; sourceTree = "<group>"; };
		906E4AD7155C90BE00604930 /* Assistant.h */ = {isa = PBXFileReference; fileEncoding = 4; lastKnownFileType = sourcecode.c.h; path = Assistant.h; sourceTree = "<group>"; };
		906E4AD8155C90BE00604930 /* Assistant.m */ = {isa = PBXFileReference; fileEncoding = 4; lastKnownFileType = sourcecode.c.objc; path = Assistant.m; sourceTree = "<group>"; };
		90774BE7154A74D400549F37 /* buttonBlue.png */ = {isa = PBXFileReference; lastKnownFileType = image.png; path = buttonBlue.png; sourceTree = "<group>"; };
		90774BEA154A758800549F37 /* selectedButtonBlue.png */ = {isa = PBXFileReference; lastKnownFileType = image.png; path = selectedButtonBlue.png; sourceTree = "<group>"; };
		907ED37515521731008AB2CA /* AuthenticationViewController.h */ = {isa = PBXFileReference; fileEncoding = 4; lastKnownFileType = sourcecode.c.h; path = AuthenticationViewController.h; sourceTree = "<group>"; };
		907ED37615521731008AB2CA /* AuthenticationViewController.m */ = {isa = PBXFileReference; fileEncoding = 4; lastKnownFileType = sourcecode.c.objc; path = AuthenticationViewController.m; sourceTree = "<group>"; };
		907ED388155300F0008AB2CA /* wood.jpg */ = {isa = PBXFileReference; lastKnownFileType = image.jpeg; path = wood.jpg; sourceTree = "<group>"; };
		907ED38B15530181008AB2CA /* sandpaper.jpg */ = {isa = PBXFileReference; lastKnownFileType = image.jpeg; path = sandpaper.jpg; sourceTree = "<group>"; };
		907ED395155306D9008AB2CA /* Util.h */ = {isa = PBXFileReference; fileEncoding = 4; lastKnownFileType = sourcecode.c.h; path = Util.h; sourceTree = "<group>"; };
		907ED396155306D9008AB2CA /* Util.m */ = {isa = PBXFileReference; fileEncoding = 4; lastKnownFileType = sourcecode.c.objc; path = Util.m; sourceTree = "<group>"; };
		908EAB8315659A6100AB3E1B /* CoreLocation.framework */ = {isa = PBXFileReference; lastKnownFileType = wrapper.framework; name = CoreLocation.framework; path = System/Library/Frameworks/CoreLocation.framework; sourceTree = SDKROOT; };
		90A3DF0C152E6F500061F6C5 /* Life.app */ = {isa = PBXFileReference; explicitFileType = wrapper.application; includeInIndex = 0; path = Life.app; sourceTree = BUILT_PRODUCTS_DIR; };
		90A3DF10152E6F500061F6C5 /* UIKit.framework */ = {isa = PBXFileReference; lastKnownFileType = wrapper.framework; name = UIKit.framework; path = System/Library/Frameworks/UIKit.framework; sourceTree = SDKROOT; };
		90A3DF12152E6F500061F6C5 /* Foundation.framework */ = {isa = PBXFileReference; lastKnownFileType = wrapper.framework; name = Foundation.framework; path = System/Library/Frameworks/Foundation.framework; sourceTree = SDKROOT; };
		90A3DF14152E6F500061F6C5 /* CoreGraphics.framework */ = {isa = PBXFileReference; lastKnownFileType = wrapper.framework; name = CoreGraphics.framework; path = System/Library/Frameworks/CoreGraphics.framework; sourceTree = SDKROOT; };
		90A3DF18152E6F500061F6C5 /* Life-Info.plist */ = {isa = PBXFileReference; lastKnownFileType = text.plist.xml; path = "Life-Info.plist"; sourceTree = "<group>"; };
		90A3DF1A152E6F500061F6C5 /* en */ = {isa = PBXFileReference; lastKnownFileType = text.plist.strings; name = en; path = en.lproj/InfoPlist.strings; sourceTree = "<group>"; };
		90A3DF1C152E6F500061F6C5 /* main.m */ = {isa = PBXFileReference; lastKnownFileType = sourcecode.c.objc; path = main.m; sourceTree = "<group>"; };
		90A3DF1E152E6F500061F6C5 /* Life-Prefix.pch */ = {isa = PBXFileReference; lastKnownFileType = sourcecode.c.h; path = "Life-Prefix.pch"; sourceTree = "<group>"; };
		90A3DF1F152E6F500061F6C5 /* TimeAppDelegate.h */ = {isa = PBXFileReference; lastKnownFileType = sourcecode.c.h; path = TimeAppDelegate.h; sourceTree = "<group>"; };
		90A3DF20152E6F500061F6C5 /* TimeAppDelegate.m */ = {isa = PBXFileReference; lastKnownFileType = sourcecode.c.objc; path = TimeAppDelegate.m; sourceTree = "<group>"; };
		90A3DF23152E6F500061F6C5 /* en */ = {isa = PBXFileReference; lastKnownFileType = file.storyboard; name = en; path = en.lproj/MainStoryboard_iPhone.storyboard; sourceTree = "<group>"; };
		90A3DF26152E6F500061F6C5 /* en */ = {isa = PBXFileReference; lastKnownFileType = file.storyboard; name = en; path = en.lproj/MainStoryboard_iPad.storyboard; sourceTree = "<group>"; };
		90A3DF28152E6F500061F6C5 /* TimeViewController.h */ = {isa = PBXFileReference; lastKnownFileType = sourcecode.c.h; path = TimeViewController.h; sourceTree = "<group>"; };
		90A3DF29152E6F500061F6C5 /* TimeViewController.m */ = {isa = PBXFileReference; lastKnownFileType = sourcecode.c.objc; path = TimeViewController.m; sourceTree = "<group>"; };
		90A3DF30152E6F500061F6C5 /* LifeTests.octest */ = {isa = PBXFileReference; explicitFileType = wrapper.cfbundle; includeInIndex = 0; path = LifeTests.octest; sourceTree = BUILT_PRODUCTS_DIR; };
		90A3DF31152E6F500061F6C5 /* SenTestingKit.framework */ = {isa = PBXFileReference; lastKnownFileType = wrapper.framework; name = SenTestingKit.framework; path = Library/Frameworks/SenTestingKit.framework; sourceTree = DEVELOPER_DIR; };
		90A3DF39152E6F500061F6C5 /* LifeTests-Info.plist */ = {isa = PBXFileReference; lastKnownFileType = text.plist.xml; path = "LifeTests-Info.plist"; sourceTree = "<group>"; };
		90A3DF3B152E6F500061F6C5 /* en */ = {isa = PBXFileReference; lastKnownFileType = text.plist.strings; name = en; path = en.lproj/InfoPlist.strings; sourceTree = "<group>"; };
		90A3DF3D152E6F500061F6C5 /* TimeTests.h */ = {isa = PBXFileReference; lastKnownFileType = sourcecode.c.h; path = TimeTests.h; sourceTree = "<group>"; };
		90A3DF3E152E6F500061F6C5 /* TimeTests.m */ = {isa = PBXFileReference; lastKnownFileType = sourcecode.c.objc; path = TimeTests.m; sourceTree = "<group>"; };
		90A5C9BB156ED08800C83855 /* icon@2x.png */ = {isa = PBXFileReference; lastKnownFileType = image.png; name = "icon@2x.png"; path = "../icon@2x.png"; sourceTree = "<group>"; };
		90A5C9BE156ED08A00C83855 /* icon.png */ = {isa = PBXFileReference; lastKnownFileType = image.png; name = icon.png; path = ../icon.png; sourceTree = "<group>"; };
		90E650021540B29F00D4BCDF /* APIConstants.h */ = {isa = PBXFileReference; fileEncoding = 4; lastKnownFileType = sourcecode.c.h; path = APIConstants.h; sourceTree = "<group>"; };
		90E650031540B29F00D4BCDF /* APIConstants.m */ = {isa = PBXFileReference; fileEncoding = 4; lastKnownFileType = sourcecode.c.objc; path = APIConstants.m; sourceTree = "<group>"; };
		90E6500D1540B44B00D4BCDF /* API.h */ = {isa = PBXFileReference; fileEncoding = 4; lastKnownFileType = sourcecode.c.h; path = API.h; sourceTree = "<group>"; };
		90E6500E1540B44B00D4BCDF /* API.m */ = {isa = PBXFileReference; fileEncoding = 4; lastKnownFileType = sourcecode.c.objc; path = API.m; sourceTree = "<group>"; };
		90EE41B31541D06600F3B553 /* ios_newsstand_wood_background_by_ebara-d45h8fy.png */ = {isa = PBXFileReference; lastKnownFileType = image.png; path = "ios_newsstand_wood_background_by_ebara-d45h8fy.png"; sourceTree = "<group>"; };
		90EE41BE154A568500E01DB0 /* CircularProgressButton.h */ = {isa = PBXFileReference; fileEncoding = 4; lastKnownFileType = sourcecode.c.h; path = CircularProgressButton.h; sourceTree = "<group>"; };
		90EE41BF154A568500E01DB0 /* CircularProgressButton.m */ = {isa = PBXFileReference; fileEncoding = 4; lastKnownFileType = sourcecode.c.objc; path = CircularProgressButton.m; sourceTree = "<group>"; };
		90EE41C0154A568500E01DB0 /* CircularProgressView.h */ = {isa = PBXFileReference; fileEncoding = 4; lastKnownFileType = sourcecode.c.h; path = CircularProgressView.h; sourceTree = "<group>"; };
		90EE41C1154A568500E01DB0 /* CircularProgressView.m */ = {isa = PBXFileReference; fileEncoding = 4; lastKnownFileType = sourcecode.c.objc; path = CircularProgressView.m; sourceTree = "<group>"; };
		90EE41C4154A569300E01DB0 /* background_sel.png */ = {isa = PBXFileReference; lastKnownFileType = image.png; path = background_sel.png; sourceTree = "<group>"; };
		90EE41C5154A569300E01DB0 /* background.png */ = {isa = PBXFileReference; lastKnownFileType = image.png; path = background.png; sourceTree = "<group>"; };
		90EE41C6154A569300E01DB0 /* circle.png */ = {isa = PBXFileReference; lastKnownFileType = image.png; path = circle.png; sourceTree = "<group>"; };
/* End PBXFileReference section */

/* Begin PBXFrameworksBuildPhase section */
		90A3DF09152E6F500061F6C5 /* Frameworks */ = {
			isa = PBXFrameworksBuildPhase;
			buildActionMask = 2147483647;
			files = (
				908EAB8415659A6100AB3E1B /* CoreLocation.framework in Frameworks */,
				90A3DF11152E6F500061F6C5 /* UIKit.framework in Frameworks */,
				90A3DF13152E6F500061F6C5 /* Foundation.framework in Frameworks */,
				90A3DF15152E6F500061F6C5 /* CoreGraphics.framework in Frameworks */,
			);
			runOnlyForDeploymentPostprocessing = 0;
		};
		90A3DF2C152E6F500061F6C5 /* Frameworks */ = {
			isa = PBXFrameworksBuildPhase;
			buildActionMask = 2147483647;
			files = (
				90A3DF32152E6F500061F6C5 /* SenTestingKit.framework in Frameworks */,
				90A3DF33152E6F500061F6C5 /* UIKit.framework in Frameworks */,
				90A3DF34152E6F500061F6C5 /* Foundation.framework in Frameworks */,
			);
			runOnlyForDeploymentPostprocessing = 0;
		};
/* End PBXFrameworksBuildPhase section */

/* Begin PBXGroup section */
		901B11EB15646B07004F39C3 /* Activity Reminder */ = {
			isa = PBXGroup;
			children = (
				901B11E615646AE6004F39C3 /* ActivityReminder.h */,
				901B11E715646AE6004F39C3 /* ActivityReminder.m */,
			);
			name = "Activity Reminder";
			sourceTree = "<group>";
		};
		902408EA155CA3C300C4C7BA /* Activity */ = {
			isa = PBXGroup;
			children = (
				902408E6155C9A2000C4C7BA /* Activity.h */,
				902408E7155C9A2000C4C7BA /* Activity.m */,
			);
			name = Activity;
			sourceTree = "<group>";
		};
		902408EB155CA3C800C4C7BA /* Objects */ = {
			isa = PBXGroup;
			children = (
				902408EA155CA3C300C4C7BA /* Activity */,
			);
			name = Objects;
			sourceTree = "<group>";
		};
		9066B327156ADA6E009A6BF0 /* View Controllers */ = {
			isa = PBXGroup;
			children = (
				906E4ADC155C90E700604930 /* Main View Controller */,
				906E4ADB155C90D600604930 /* Authentication */,
				90EE41BC154A567400E01DB0 /* Progress Bar */,
			);
			name = "View Controllers";
			sourceTree = "<group>";
		};
		9066B328156ADA75009A6BF0 /* Classes */ = {
			isa = PBXGroup;
			children = (
				901B11EB15646B07004F39C3 /* Activity Reminder */,
				906E4ADA155C90CC00604930 /* Assistant */,
				902408EB155CA3C800C4C7BA /* Objects */,
				90EE41D0154A5DB600E01DB0 /* API */,
			);
			name = Classes;
			sourceTree = "<group>";
		};
		906E4ADA155C90CC00604930 /* Assistant */ = {
			isa = PBXGroup;
			children = (
				906E4AD7155C90BE00604930 /* Assistant.h */,
				906E4AD8155C90BE00604930 /* Assistant.m */,
			);
			name = Assistant;
			sourceTree = "<group>";
		};
		906E4ADB155C90D600604930 /* Authentication */ = {
			isa = PBXGroup;
			children = (
				907ED37515521731008AB2CA /* AuthenticationViewController.h */,
				907ED37615521731008AB2CA /* AuthenticationViewController.m */,
			);
			name = Authentication;
			sourceTree = "<group>";
		};
		906E4ADC155C90E700604930 /* Main View Controller */ = {
			isa = PBXGroup;
			children = (
				9003BAF91534F07F00667033 /* MainViewController.h */,
				9003BAFA1534F07F00667033 /* MainViewController.m */,
			);
			name = "Main View Controller";
			sourceTree = "<group>";
		};
		906E4ADD155C90F300604930 /* Storyboards */ = {
			isa = PBXGroup;
			children = (
				90A3DF22152E6F500061F6C5 /* MainStoryboard_iPhone.storyboard */,
				90A3DF25152E6F500061F6C5 /* MainStoryboard_iPad.storyboard */,
			);
			name = Storyboards;
			sourceTree = "<group>";
		};
		907ED398155306E1008AB2CA /* Util */ = {
			isa = PBXGroup;
			children = (
				907ED395155306D9008AB2CA /* Util.h */,
				907ED396155306D9008AB2CA /* Util.m */,
			);
			name = Util;
			sourceTree = "<group>";
		};
		90A3DF01152E6F500061F6C5 = {
			isa = PBXGroup;
			children = (
				90A3DF16152E6F500061F6C5 /* Time */,
				90A3DF37152E6F500061F6C5 /* TimeTests */,
				90A3DF0F152E6F500061F6C5 /* Frameworks */,
				90A3DF0D152E6F500061F6C5 /* Products */,
			);
			sourceTree = "<group>";
		};
		90A3DF0D152E6F500061F6C5 /* Products */ = {
			isa = PBXGroup;
			children = (
				90A3DF0C152E6F500061F6C5 /* Life.app */,
				90A3DF30152E6F500061F6C5 /* LifeTests.octest */,
			);
			name = Products;
			sourceTree = "<group>";
		};
		90A3DF0F152E6F500061F6C5 /* Frameworks */ = {
			isa = PBXGroup;
			children = (
				908EAB8315659A6100AB3E1B /* CoreLocation.framework */,
				90A3DF10152E6F500061F6C5 /* UIKit.framework */,
				90A3DF12152E6F500061F6C5 /* Foundation.framework */,
				90A3DF14152E6F500061F6C5 /* CoreGraphics.framework */,
				90A3DF31152E6F500061F6C5 /* SenTestingKit.framework */,
			);
			name = Frameworks;
			sourceTree = "<group>";
		};
		90A3DF16152E6F500061F6C5 /* Time */ = {
			isa = PBXGroup;
			children = (
				9066B328156ADA75009A6BF0 /* Classes */,
				907ED398155306E1008AB2CA /* Util */,
				9066B327156ADA6E009A6BF0 /* View Controllers */,
				906E4ADD155C90F300604930 /* Storyboards */,
				90EE41D2154A5DD800E01DB0 /* Images */,
				90A3DF17152E6F500061F6C5 /* Supporting Files */,
			);
			path = Time;
			sourceTree = "<group>";
		};
		90A3DF17152E6F500061F6C5 /* Supporting Files */ = {
			isa = PBXGroup;
			children = (
				90A3DF1F152E6F500061F6C5 /* TimeAppDelegate.h */,
				90A3DF20152E6F500061F6C5 /* TimeAppDelegate.m */,
				90A3DF28152E6F500061F6C5 /* TimeViewController.h */,
				90A3DF29152E6F500061F6C5 /* TimeViewController.m */,
				90A3DF18152E6F500061F6C5 /* Life-Info.plist */,
				90A3DF19152E6F500061F6C5 /* InfoPlist.strings */,
				90A3DF1C152E6F500061F6C5 /* main.m */,
				90A3DF1E152E6F500061F6C5 /* Life-Prefix.pch */,
			);
			name = "Supporting Files";
			sourceTree = "<group>";
		};
		90A3DF37152E6F500061F6C5 /* TimeTests */ = {
			isa = PBXGroup;
			children = (
				90A3DF3D152E6F500061F6C5 /* TimeTests.h */,
				90A3DF3E152E6F500061F6C5 /* TimeTests.m */,
				90A3DF38152E6F500061F6C5 /* Supporting Files */,
			);
			path = TimeTests;
			sourceTree = "<group>";
		};
		90A3DF38152E6F500061F6C5 /* Supporting Files */ = {
			isa = PBXGroup;
			children = (
				90A3DF39152E6F500061F6C5 /* LifeTests-Info.plist */,
				90A3DF3A152E6F500061F6C5 /* InfoPlist.strings */,
			);
			name = "Supporting Files";
			sourceTree = "<group>";
		};
		90EE41BC154A567400E01DB0 /* Progress Bar */ = {
			isa = PBXGroup;
			children = (
				90EE41C4154A569300E01DB0 /* background_sel.png */,
				90EE41C5154A569300E01DB0 /* background.png */,
				90EE41C6154A569300E01DB0 /* circle.png */,
				90EE41BE154A568500E01DB0 /* CircularProgressButton.h */,
				90EE41BF154A568500E01DB0 /* CircularProgressButton.m */,
				90EE41C0154A568500E01DB0 /* CircularProgressView.h */,
				90EE41C1154A568500E01DB0 /* CircularProgressView.m */,
			);
			name = "Progress Bar";
			sourceTree = "<group>";
		};
		90EE41D0154A5DB600E01DB0 /* API */ = {
			isa = PBXGroup;
			children = (
				90E6500D1540B44B00D4BCDF /* API.h */,
				90E6500E1540B44B00D4BCDF /* API.m */,
				90E650021540B29F00D4BCDF /* APIConstants.h */,
				90E650031540B29F00D4BCDF /* APIConstants.m */,
			);
			name = API;
			sourceTree = "<group>";
		};
		90EE41D2154A5DD800E01DB0 /* Images */ = {
			isa = PBXGroup;
			children = (
				90A5C9BE156ED08A00C83855 /* icon.png */,
				90A5C9BB156ED08800C83855 /* icon@2x.png */,
				907ED388155300F0008AB2CA /* wood.jpg */,
				90774BEA154A758800549F37 /* selectedButtonBlue.png */,
				90774BE7154A74D400549F37 /* buttonBlue.png */,
				907ED38B15530181008AB2CA /* sandpaper.jpg */,
				90EE41B31541D06600F3B553 /* ios_newsstand_wood_background_by_ebara-d45h8fy.png */,
			);
			name = Images;
			sourceTree = "<group>";
		};
/* End PBXGroup section */

/* Begin PBXNativeTarget section */
		90A3DF0B152E6F500061F6C5 /* Life */ = {
			isa = PBXNativeTarget;
			buildConfigurationList = 90A3DF42152E6F500061F6C5 /* Build configuration list for PBXNativeTarget "Life" */;
			buildPhases = (
				90A3DF08152E6F500061F6C5 /* Sources */,
				90A3DF09152E6F500061F6C5 /* Frameworks */,
				90A3DF0A152E6F500061F6C5 /* Resources */,
			);
			buildRules = (
			);
			dependencies = (
			);
			name = Life;
			productName = Time;
			productReference = 90A3DF0C152E6F500061F6C5 /* Life.app */;
			productType = "com.apple.product-type.application";
		};
		90A3DF2F152E6F500061F6C5 /* LifeTests */ = {
			isa = PBXNativeTarget;
			buildConfigurationList = 90A3DF45152E6F500061F6C5 /* Build configuration list for PBXNativeTarget "LifeTests" */;
			buildPhases = (
				90A3DF2B152E6F500061F6C5 /* Sources */,
				90A3DF2C152E6F500061F6C5 /* Frameworks */,
				90A3DF2D152E6F500061F6C5 /* Resources */,
				90A3DF2E152E6F500061F6C5 /* ShellScript */,
			);
			buildRules = (
			);
			dependencies = (
				90A3DF36152E6F500061F6C5 /* PBXTargetDependency */,
			);
			name = LifeTests;
			productName = TimeTests;
			productReference = 90A3DF30152E6F500061F6C5 /* LifeTests.octest */;
			productType = "com.apple.product-type.bundle";
		};
/* End PBXNativeTarget section */

/* Begin PBXProject section */
		90A3DF03152E6F500061F6C5 /* Project object */ = {
			isa = PBXProject;
			attributes = {
				LastUpgradeCheck = 0430;
			};
			buildConfigurationList = 90A3DF06152E6F500061F6C5 /* Build configuration list for PBXProject "Life" */;
			compatibilityVersion = "Xcode 3.2";
			developmentRegion = English;
			hasScannedForEncodings = 0;
			knownRegions = (
				en,
			);
			mainGroup = 90A3DF01152E6F500061F6C5;
			productRefGroup = 90A3DF0D152E6F500061F6C5 /* Products */;
			projectDirPath = "";
			projectRoot = "";
			targets = (
				90A3DF0B152E6F500061F6C5 /* Life */,
				90A3DF2F152E6F500061F6C5 /* LifeTests */,
			);
		};
/* End PBXProject section */

/* Begin PBXResourcesBuildPhase section */
		90A3DF0A152E6F500061F6C5 /* Resources */ = {
			isa = PBXResourcesBuildPhase;
			buildActionMask = 2147483647;
			files = (
				90A3DF1B152E6F500061F6C5 /* InfoPlist.strings in Resources */,
				90A3DF24152E6F500061F6C5 /* MainStoryboard_iPhone.storyboard in Resources */,
				90A3DF27152E6F500061F6C5 /* MainStoryboard_iPad.storyboard in Resources */,
				90EE41B41541D06600F3B553 /* ios_newsstand_wood_background_by_ebara-d45h8fy.png in Resources */,
				90EE41C7154A569300E01DB0 /* background_sel.png in Resources */,
				90EE41C8154A569300E01DB0 /* background.png in Resources */,
				90EE41C9154A569300E01DB0 /* circle.png in Resources */,
				90774BE8154A74D400549F37 /* buttonBlue.png in Resources */,
				90774BEB154A758800549F37 /* selectedButtonBlue.png in Resources */,
				907ED389155300F0008AB2CA /* wood.jpg in Resources */,
				907ED38C15530181008AB2CA /* sandpaper.jpg in Resources */,
				90A5C9BC156ED08800C83855 /* icon@2x.png in Resources */,
				90A5C9BF156ED08A00C83855 /* icon.png in Resources */,
			);
			runOnlyForDeploymentPostprocessing = 0;
		};
		90A3DF2D152E6F500061F6C5 /* Resources */ = {
			isa = PBXResourcesBuildPhase;
			buildActionMask = 2147483647;
			files = (
				90A3DF3C152E6F500061F6C5 /* InfoPlist.strings in Resources */,
			);
			runOnlyForDeploymentPostprocessing = 0;
		};
/* End PBXResourcesBuildPhase section */

/* Begin PBXShellScriptBuildPhase section */
		90A3DF2E152E6F500061F6C5 /* ShellScript */ = {
			isa = PBXShellScriptBuildPhase;
			buildActionMask = 2147483647;
			files = (
			);
			inputPaths = (
			);
			outputPaths = (
			);
			runOnlyForDeploymentPostprocessing = 0;
			shellPath = /bin/sh;
			shellScript = "# Run the unit tests in this test bundle.\n\"${SYSTEM_DEVELOPER_DIR}/Tools/RunUnitTests\"\n";
		};
/* End PBXShellScriptBuildPhase section */

/* Begin PBXSourcesBuildPhase section */
		90A3DF08152E6F500061F6C5 /* Sources */ = {
			isa = PBXSourcesBuildPhase;
			buildActionMask = 2147483647;
			files = (
				90EE41CB154A58FD00E01DB0 /* CircularProgressButton.m in Sources */,
				90EE41CA154A58F700E01DB0 /* CircularProgressView.m in Sources */,
				90A3DF1D152E6F500061F6C5 /* main.m in Sources */,
				90A3DF21152E6F500061F6C5 /* TimeAppDelegate.m in Sources */,
				90A3DF2A152E6F500061F6C5 /* TimeViewController.m in Sources */,
				9003BAFB1534F07F00667033 /* MainViewController.m in Sources */,
				90E650041540B29F00D4BCDF /* APIConstants.m in Sources */,
				90E6500F1540B44B00D4BCDF /* API.m in Sources */,
				907ED37715521731008AB2CA /* AuthenticationViewController.m in Sources */,
				907ED397155306D9008AB2CA /* Util.m in Sources */,
				906E4AD9155C90BF00604930 /* Assistant.m in Sources */,
				902408E8155C9A2000C4C7BA /* Activity.m in Sources */,
				901B11E815646AE6004F39C3 /* ActivityReminder.m in Sources */,
			);
			runOnlyForDeploymentPostprocessing = 0;
		};
		90A3DF2B152E6F500061F6C5 /* Sources */ = {
			isa = PBXSourcesBuildPhase;
			buildActionMask = 2147483647;
			files = (
				90A3DF3F152E6F500061F6C5 /* TimeTests.m in Sources */,
				90EE41C2154A568500E01DB0 /* CircularProgressButton.m in Sources */,
				90EE41C3154A568500E01DB0 /* CircularProgressView.m in Sources */,
			);
			runOnlyForDeploymentPostprocessing = 0;
		};
/* End PBXSourcesBuildPhase section */

/* Begin PBXTargetDependency section */
		90A3DF36152E6F500061F6C5 /* PBXTargetDependency */ = {
			isa = PBXTargetDependency;
			target = 90A3DF0B152E6F500061F6C5 /* Life */;
			targetProxy = 90A3DF35152E6F500061F6C5 /* PBXContainerItemProxy */;
		};
/* End PBXTargetDependency section */

/* Begin PBXVariantGroup section */
		90A3DF19152E6F500061F6C5 /* InfoPlist.strings */ = {
			isa = PBXVariantGroup;
			children = (
				90A3DF1A152E6F500061F6C5 /* en */,
			);
			name = InfoPlist.strings;
			sourceTree = "<group>";
		};
		90A3DF22152E6F500061F6C5 /* MainStoryboard_iPhone.storyboard */ = {
			isa = PBXVariantGroup;
			children = (
				90A3DF23152E6F500061F6C5 /* en */,
			);
			name = MainStoryboard_iPhone.storyboard;
			sourceTree = "<group>";
		};
		90A3DF25152E6F500061F6C5 /* MainStoryboard_iPad.storyboard */ = {
			isa = PBXVariantGroup;
			children = (
				90A3DF26152E6F500061F6C5 /* en */,
			);
			name = MainStoryboard_iPad.storyboard;
			sourceTree = "<group>";
		};
		90A3DF3A152E6F500061F6C5 /* InfoPlist.strings */ = {
			isa = PBXVariantGroup;
			children = (
				90A3DF3B152E6F500061F6C5 /* en */,
			);
			name = InfoPlist.strings;
			sourceTree = "<group>";
		};
/* End PBXVariantGroup section */

/* Begin XCBuildConfiguration section */
		90A3DF40152E6F500061F6C5 /* Debug */ = {
			isa = XCBuildConfiguration;
			buildSettings = {
				ALWAYS_SEARCH_USER_PATHS = NO;
				ARCHS = "$(ARCHS_STANDARD_32_BIT)";
				CLANG_ENABLE_OBJC_ARC = YES;
				"CODE_SIGN_IDENTITY[sdk=iphoneos*]" = "iPhone Developer";
				COPY_PHASE_STRIP = NO;
				GCC_C_LANGUAGE_STANDARD = gnu99;
				GCC_DYNAMIC_NO_PIC = NO;
				GCC_OPTIMIZATION_LEVEL = 0;
				GCC_PREPROCESSOR_DEFINITIONS = (
					"DEBUG=1",
					"$(inherited)",
				);
				GCC_SYMBOLS_PRIVATE_EXTERN = NO;
				GCC_VERSION = com.apple.compilers.llvm.clang.1_0;
				GCC_WARN_ABOUT_MISSING_PROTOTYPES = YES;
				GCC_WARN_ABOUT_RETURN_TYPE = YES;
				GCC_WARN_UNUSED_VARIABLE = YES;
				IPHONEOS_DEPLOYMENT_TARGET = 5.0;
				SDKROOT = iphoneos;
				TARGETED_DEVICE_FAMILY = "1,2";
			};
			name = Debug;
		};
		90A3DF41152E6F500061F6C5 /* Release */ = {
			isa = XCBuildConfiguration;
			buildSettings = {
				ALWAYS_SEARCH_USER_PATHS = NO;
				ARCHS = "$(ARCHS_STANDARD_32_BIT)";
				CLANG_ENABLE_OBJC_ARC = YES;
				"CODE_SIGN_IDENTITY[sdk=iphoneos*]" = "iPhone Distribution: Nikil Viswanathan";
				COPY_PHASE_STRIP = YES;
				GCC_C_LANGUAGE_STANDARD = gnu99;
				GCC_VERSION = com.apple.compilers.llvm.clang.1_0;
				GCC_WARN_ABOUT_MISSING_PROTOTYPES = YES;
				GCC_WARN_ABOUT_RETURN_TYPE = YES;
				GCC_WARN_UNUSED_VARIABLE = YES;
				IPHONEOS_DEPLOYMENT_TARGET = 5.0;
				OTHER_CFLAGS = "-DNS_BLOCK_ASSERTIONS=1";
				"PROVISIONING_PROFILE[sdk=iphoneos*]" = "8A1AE5DD-4A5D-4321-8F53-BBE260303C14";
				SDKROOT = iphoneos;
				TARGETED_DEVICE_FAMILY = "1,2";
				VALIDATE_PRODUCT = YES;
			};
			name = Release;
		};
		90A3DF43152E6F500061F6C5 /* Debug */ = {
			isa = XCBuildConfiguration;
			buildSettings = {
				GCC_PRECOMPILE_PREFIX_HEADER = YES;
				GCC_PREFIX_HEADER = "Time/Life-Prefix.pch";
				INFOPLIST_FILE = "Time/Life-Info.plist";
				PRODUCT_NAME = Life;
				WRAPPER_EXTENSION = app;
			};
			name = Debug;
		};
		90A3DF44152E6F500061F6C5 /* Release */ = {
			isa = XCBuildConfiguration;
			buildSettings = {
				CODE_SIGN_IDENTITY = "iPhone Distribution: Nikil Viswanathan";
				"CODE_SIGN_IDENTITY[sdk=iphoneos*]" = "iPhone Distribution: Nikil Viswanathan";
				GCC_PRECOMPILE_PREFIX_HEADER = YES;
				GCC_PREFIX_HEADER = "Time/Life-Prefix.pch";
				INFOPLIST_FILE = "Time/Life-Info.plist";
				PRODUCT_NAME = Life;
				PROVISIONING_PROFILE = "8A1AE5DD-4A5D-4321-8F53-BBE260303C14";
				"PROVISIONING_PROFILE[sdk=iphoneos*]" = "8A1AE5DD-4A5D-4321-8F53-BBE260303C14";
				WRAPPER_EXTENSION = app;
			};
			name = Release;
		};
		90A3DF46152E6F500061F6C5 /* Debug */ = {
			isa = XCBuildConfiguration;
			buildSettings = {
				BUNDLE_LOADER = "$(BUILT_PRODUCTS_DIR)/Time.app/Time";
				FRAMEWORK_SEARCH_PATHS = (
					"$(SDKROOT)/Developer/Library/Frameworks",
					"$(DEVELOPER_LIBRARY_DIR)/Frameworks",
				);
				GCC_PRECOMPILE_PREFIX_HEADER = YES;
				GCC_PREFIX_HEADER = "Time/Time-Prefix.pch";
				INFOPLIST_FILE = "TimeTests/LifeTests-Info.plist";
				PRODUCT_NAME = LifeTests;
				TEST_HOST = "$(BUNDLE_LOADER)";
				WRAPPER_EXTENSION = octest;
			};
			name = Debug;
		};
		90A3DF47152E6F500061F6C5 /* Release */ = {
			isa = XCBuildConfiguration;
			buildSettings = {
				BUNDLE_LOADER = "$(BUILT_PRODUCTS_DIR)/Time.app/Time";
				FRAMEWORK_SEARCH_PATHS = (
					"$(SDKROOT)/Developer/Library/Frameworks",
					"$(DEVELOPER_LIBRARY_DIR)/Frameworks",
				);
				GCC_PRECOMPILE_PREFIX_HEADER = YES;
				GCC_PREFIX_HEADER = "Time/Time-Prefix.pch";
				INFOPLIST_FILE = "TimeTests/LifeTests-Info.plist";
				PRODUCT_NAME = LifeTests;
				TEST_HOST = "$(BUNDLE_LOADER)";
				WRAPPER_EXTENSION = octest;
			};
			name = Release;
		};
/* End XCBuildConfiguration section */

/* Begin XCConfigurationList section */
		90A3DF06152E6F500061F6C5 /* Build configuration list for PBXProject "Life" */ = {
			isa = XCConfigurationList;
			buildConfigurations = (
				90A3DF40152E6F500061F6C5 /* Debug */,
				90A3DF41152E6F500061F6C5 /* Release */,
			);
			defaultConfigurationIsVisible = 0;
			defaultConfigurationName = Release;
		};
		90A3DF42152E6F500061F6C5 /* Build configuration list for PBXNativeTarget "Life" */ = {
			isa = XCConfigurationList;
			buildConfigurations = (
				90A3DF43152E6F500061F6C5 /* Debug */,
				90A3DF44152E6F500061F6C5 /* Release */,
			);
			defaultConfigurationIsVisible = 0;
			defaultConfigurationName = Release;
		};
		90A3DF45152E6F500061F6C5 /* Build configuration list for PBXNativeTarget "LifeTests" */ = {
			isa = XCConfigurationList;
			buildConfigurations = (
				90A3DF46152E6F500061F6C5 /* Debug */,
				90A3DF47152E6F500061F6C5 /* Release */,
			);
			defaultConfigurationIsVisible = 0;
			defaultConfigurationName = Release;
		};
/* End XCConfigurationList section */
	};
	rootObject = 90A3DF03152E6F500061F6C5 /* Project object */;
}
